
Microsoft Visual Studio Solution File, Format Version 12.00
# Visual Studio Version 16
VisualStudioVersion = 16.0.30523.141
MinimumVisualStudioVersion = 10.0.40219.1
Project("{FAE04EC0-301F-11D3-BF4B-00C04F79EFBC}") = "LinQ_Homework", "LinQ_Homework\LinQ_Homework.csproj", "{0878121C-5093-4A31-81D1-F6D35158BE72}"
EndProject
Global
	GlobalSection(SolutionConfigurationPlatforms) = preSolution
		Debug|Any CPU = Debug|Any CPU
		Release|Any CPU = Release|Any CPU
	EndGlobalSection
	GlobalSection(ProjectConfigurationPlatforms) = postSolution
		{0878121C-5093-4A31-81D1-F6D35158BE72}.Debug|Any CPU.ActiveCfg = Debug|Any CPU
		{0878121C-5093-4A31-81D1-F6D35158BE72}.Debug|Any CPU.Build.0 = Debug|Any CPU
		{0878121C-5093-4A31-81D1-F6D35158BE72}.Release|Any CPU.ActiveCfg = Release|Any CPU
		{0878121C-5093-4A31-81D1-F6D35158BE72}.Release|Any CPU.Build.0 = Release|Any CPU
	EndGlobalSection
	GlobalSection(SolutionProperties) = preSolution
		HideSolutionNode = FALSE
	EndGlobalSection
	GlobalSection(ExtensibilityGlobals) = postSolution
		SolutionGuid = {1EFD3F01-B09E-49FB-B14C-42F5C94E4326}
	EndGlobalSection
EndGlobal
